
Microsoft Visual Studio Solution File, Format Version 12.00
# Visual Studio Version 17
VisualStudioVersion = 17.7.34031.279
MinimumVisualStudioVersion = 10.0.40219.1
Project("{FAE04EC0-301F-11D3-BF4B-00C04F79EFBC}") = "Maps", "Maps.csproj", "{A9C7B02B-9FE8-466F-BF32-F5EAE1CF4006}"
EndProject
Global
	GlobalSection(SolutionConfigurationPlatforms) = preSolution
		Debug|Any CPU = Debug|Any CPU
		Release|Any CPU = Release|Any CPU
	EndGlobalSection
	GlobalSection(ProjectConfigurationPlatforms) = postSolution
		{A9C7B02B-9FE8-466F-BF32-F5EAE1CF4006}.Debug|Any CPU.ActiveCfg = Debug|Any CPU
		{A9C7B02B-9FE8-466F-BF32-F5EAE1CF4006}.Debug|Any CPU.Build.0 = Debug|Any CPU
		{A9C7B02B-9FE8-466F-BF32-F5EAE1CF4006}.Release|Any CPU.ActiveCfg = Release|Any CPU
		{A9C7B02B-9FE8-466F-BF32-F5EAE1CF4006}.Release|Any CPU.Build.0 = Release|Any CPU
	EndGlobalSection
	GlobalSection(SolutionProperties) = preSolution
		HideSolutionNode = FALSE
	EndGlobalSection
	GlobalSection(ExtensibilityGlobals) = postSolution
		SolutionGuid = {233540F0-F76E-493A-83C6-E7FB27BC73AE}
	EndGlobalSection
EndGlobal
