
Microsoft Visual Studio Solution File, Format Version 12.00
# Visual Studio Version 17
VisualStudioVersion = 17.7.34031.279
MinimumVisualStudioVersion = 10.0.40219.1
Project("{FAE04EC0-301F-11D3-BF4B-00C04F79EFBC}") = "Stack-Queue", "Stack-Queue.csproj", "{816D7117-95B5-444A-89EA-C1D384D8D031}"
EndProject
Global
	GlobalSection(SolutionConfigurationPlatforms) = preSolution
		Debug|Any CPU = Debug|Any CPU
		Release|Any CPU = Release|Any CPU
	EndGlobalSection
	GlobalSection(ProjectConfigurationPlatforms) = postSolution
		{816D7117-95B5-444A-89EA-C1D384D8D031}.Debug|Any CPU.ActiveCfg = Debug|Any CPU
		{816D7117-95B5-444A-89EA-C1D384D8D031}.Debug|Any CPU.Build.0 = Debug|Any CPU
		{816D7117-95B5-444A-89EA-C1D384D8D031}.Release|Any CPU.ActiveCfg = Release|Any CPU
		{816D7117-95B5-444A-89EA-C1D384D8D031}.Release|Any CPU.Build.0 = Release|Any CPU
	EndGlobalSection
	GlobalSection(SolutionProperties) = preSolution
		HideSolutionNode = FALSE
	EndGlobalSection
	GlobalSection(ExtensibilityGlobals) = postSolution
		SolutionGuid = {E5247B5D-D33F-4DFD-BA88-C0AC4819D867}
	EndGlobalSection
EndGlobal
